
Microsoft Visual Studio Solution File, Format Version 12.00
# Visual Studio 2013
VisualStudioVersion = 12.0.21005.1
MinimumVisualStudioVersion = 10.0.40219.1
Project("{FAE04EC0-301F-11D3-BF4B-00C04F79EFBC}") = "Tri", "Tri\Tri.csproj", "{7F2D591A-03B6-42BD-A5E3-0AE63B10EC44}"
EndProject
Project("{FAE04EC0-301F-11D3-BF4B-00C04F79EFBC}") = "UnitTestTri", "UnitTestTri\UnitTestTri.csproj", "{402F34D1-225B-40D3-8A00-48205487951E}"
EndProject
Global
	GlobalSection(SolutionConfigurationPlatforms) = preSolution
		Debug|Any CPU = Debug|Any CPU
		Release|Any CPU = Release|Any CPU
	EndGlobalSection
	GlobalSection(ProjectConfigurationPlatforms) = postSolution
		{7F2D591A-03B6-42BD-A5E3-0AE63B10EC44}.Debug|Any CPU.ActiveCfg = Debug|Any CPU
		{7F2D591A-03B6-42BD-A5E3-0AE63B10EC44}.Debug|Any CPU.Build.0 = Debug|Any CPU
		{7F2D591A-03B6-42BD-A5E3-0AE63B10EC44}.Release|Any CPU.ActiveCfg = Release|Any CPU
		{7F2D591A-03B6-42BD-A5E3-0AE63B10EC44}.Release|Any CPU.Build.0 = Release|Any CPU
		{402F34D1-225B-40D3-8A00-48205487951E}.Debug|Any CPU.ActiveCfg = Debug|Any CPU
		{402F34D1-225B-40D3-8A00-48205487951E}.Debug|Any CPU.Build.0 = Debug|Any CPU
		{402F34D1-225B-40D3-8A00-48205487951E}.Release|Any CPU.ActiveCfg = Release|Any CPU
		{402F34D1-225B-40D3-8A00-48205487951E}.Release|Any CPU.Build.0 = Release|Any CPU
	EndGlobalSection
	GlobalSection(SolutionProperties) = preSolution
		HideSolutionNode = FALSE
	EndGlobalSection
EndGlobal
